
Microsoft Visual Studio Solution File, Format Version 12.00
# Visual Studio Version 17
VisualStudioVersion = 17.11.35327.3
MinimumVisualStudioVersion = 10.0.40219.1
Project("{9A19103F-16F7-4668-BE54-9A1E7A4F7556}") = "ClubClassLibrary", "ClubClassLibrary\ClubClassLibrary.csproj", "{B8C5838B-089A-4E77-9723-9E77E5E76B85}"
EndProject
Project("{FAE04EC0-301F-11D3-BF4B-00C04F79EFBC}") = "Club UI", "Club UI\Club UI.csproj", "{22B0DB18-9CC0-4B45-B8D3-A3C226824FE3}"
EndProject
Global
	GlobalSection(SolutionConfigurationPlatforms) = preSolution
		Debug|Any CPU = Debug|Any CPU
		Release|Any CPU = Release|Any CPU
	EndGlobalSection
	GlobalSection(ProjectConfigurationPlatforms) = postSolution
		{B8C5838B-089A-4E77-9723-9E77E5E76B85}.Debug|Any CPU.ActiveCfg = Debug|Any CPU
		{B8C5838B-089A-4E77-9723-9E77E5E76B85}.Debug|Any CPU.Build.0 = Debug|Any CPU
		{B8C5838B-089A-4E77-9723-9E77E5E76B85}.Release|Any CPU.ActiveCfg = Release|Any CPU
		{B8C5838B-089A-4E77-9723-9E77E5E76B85}.Release|Any CPU.Build.0 = Release|Any CPU
		{22B0DB18-9CC0-4B45-B8D3-A3C226824FE3}.Debug|Any CPU.ActiveCfg = Debug|Any CPU
		{22B0DB18-9CC0-4B45-B8D3-A3C226824FE3}.Debug|Any CPU.Build.0 = Debug|Any CPU
		{22B0DB18-9CC0-4B45-B8D3-A3C226824FE3}.Release|Any CPU.ActiveCfg = Release|Any CPU
		{22B0DB18-9CC0-4B45-B8D3-A3C226824FE3}.Release|Any CPU.Build.0 = Release|Any CPU
	EndGlobalSection
	GlobalSection(SolutionProperties) = preSolution
		HideSolutionNode = FALSE
	EndGlobalSection
	GlobalSection(ExtensibilityGlobals) = postSolution
		SolutionGuid = {BA13FF6A-A9E4-443D-9C81-CEF6D65B17F4}
	EndGlobalSection
EndGlobal
